
Microsoft Visual Studio Solution File, Format Version 12.00
# Visual Studio Version 16
VisualStudioVersion = 16.0.29814.53
MinimumVisualStudioVersion = 10.0.40219.1
Project("{FAE04EC0-301F-11D3-BF4B-00C04F79EFBC}") = "a1ExpressVol_1.Android", "a1ExpressVol_1\a1ExpressVol_1.Android\a1ExpressVol_1.Android.csproj", "{9DD9A256-E0CC-49A0-AFA3-897D5F50DDD4}"
EndProject
Project("{FAE04EC0-301F-11D3-BF4B-00C04F79EFBC}") = "a1ExpressVol_1.iOS", "a1ExpressVol_1\a1ExpressVol_1.iOS\a1ExpressVol_1.iOS.csproj", "{480CC954-4C26-4CEA-B56D-9F361A6A87F7}"
EndProject
Project("{FAE04EC0-301F-11D3-BF4B-00C04F79EFBC}") = "a1ExpressVol_1", "a1ExpressVol_1\a1ExpressVol_1\a1ExpressVol_1.csproj", "{0F467C5A-5D49-4A9B-AF6A-955D10CACA21}"
EndProject
Global
	GlobalSection(SolutionConfigurationPlatforms) = preSolution
		Debug|Any CPU = Debug|Any CPU
		Debug|iPhone = Debug|iPhone
		Debug|iPhoneSimulator = Debug|iPhoneSimulator
		Release|Any CPU = Release|Any CPU
		Release|iPhone = Release|iPhone
		Release|iPhoneSimulator = Release|iPhoneSimulator
	EndGlobalSection
	GlobalSection(ProjectConfigurationPlatforms) = postSolution
		{9DD9A256-E0CC-49A0-AFA3-897D5F50DDD4}.Debug|Any CPU.ActiveCfg = Debug|Any CPU
		{9DD9A256-E0CC-49A0-AFA3-897D5F50DDD4}.Debug|Any CPU.Build.0 = Debug|Any CPU
		{9DD9A256-E0CC-49A0-AFA3-897D5F50DDD4}.Debug|Any CPU.Deploy.0 = Debug|Any CPU
		{9DD9A256-E0CC-49A0-AFA3-897D5F50DDD4}.Debug|iPhone.ActiveCfg = Debug|Any CPU
		{9DD9A256-E0CC-49A0-AFA3-897D5F50DDD4}.Debug|iPhone.Build.0 = Debug|Any CPU
		{9DD9A256-E0CC-49A0-AFA3-897D5F50DDD4}.Debug|iPhone.Deploy.0 = Debug|Any CPU
		{9DD9A256-E0CC-49A0-AFA3-897D5F50DDD4}.Debug|iPhoneSimulator.ActiveCfg = Debug|Any CPU
		{9DD9A256-E0CC-49A0-AFA3-897D5F50DDD4}.Debug|iPhoneSimulator.Build.0 = Debug|Any CPU
		{9DD9A256-E0CC-49A0-AFA3-897D5F50DDD4}.Debug|iPhoneSimulator.Deploy.0 = Debug|Any CPU
		{9DD9A256-E0CC-49A0-AFA3-897D5F50DDD4}.Release|Any CPU.ActiveCfg = Release|Any CPU
		{9DD9A256-E0CC-49A0-AFA3-897D5F50DDD4}.Release|Any CPU.Build.0 = Release|Any CPU
		{9DD9A256-E0CC-49A0-AFA3-897D5F50DDD4}.Release|Any CPU.Deploy.0 = Release|Any CPU
		{9DD9A256-E0CC-49A0-AFA3-897D5F50DDD4}.Release|iPhone.ActiveCfg = Release|Any CPU
		{9DD9A256-E0CC-49A0-AFA3-897D5F50DDD4}.Release|iPhone.Build.0 = Release|Any CPU
		{9DD9A256-E0CC-49A0-AFA3-897D5F50DDD4}.Release|iPhone.Deploy.0 = Release|Any CPU
		{9DD9A256-E0CC-49A0-AFA3-897D5F50DDD4}.Release|iPhoneSimulator.ActiveCfg = Release|Any CPU
		{9DD9A256-E0CC-49A0-AFA3-897D5F50DDD4}.Release|iPhoneSimulator.Build.0 = Release|Any CPU
		{9DD9A256-E0CC-49A0-AFA3-897D5F50DDD4}.Release|iPhoneSimulator.Deploy.0 = Release|Any CPU
		{480CC954-4C26-4CEA-B56D-9F361A6A87F7}.Debug|Any CPU.ActiveCfg = Debug|iPhone
		{480CC954-4C26-4CEA-B56D-9F361A6A87F7}.Debug|Any CPU.Build.0 = Debug|iPhone
		{480CC954-4C26-4CEA-B56D-9F361A6A87F7}.Debug|Any CPU.Deploy.0 = Debug|iPhone
		{480CC954-4C26-4CEA-B56D-9F361A6A87F7}.Debug|iPhone.ActiveCfg = Debug|iPhone
		{480CC954-4C26-4CEA-B56D-9F361A6A87F7}.Debug|iPhone.Build.0 = Debug|iPhone
		{480CC954-4C26-4CEA-B56D-9F361A6A87F7}.Debug|iPhone.Deploy.0 = Debug|iPhone
		{480CC954-4C26-4CEA-B56D-9F361A6A87F7}.Debug|iPhoneSimulator.ActiveCfg = Debug|iPhoneSimulator
		{480CC954-4C26-4CEA-B56D-9F361A6A87F7}.Debug|iPhoneSimulator.Build.0 = Debug|iPhoneSimulator
		{480CC954-4C26-4CEA-B56D-9F361A6A87F7}.Debug|iPhoneSimulator.Deploy.0 = Debug|iPhoneSimulator
		{480CC954-4C26-4CEA-B56D-9F361A6A87F7}.Release|Any CPU.ActiveCfg = Release|iPhone
		{480CC954-4C26-4CEA-B56D-9F361A6A87F7}.Release|Any CPU.Build.0 = Release|iPhone
		{480CC954-4C26-4CEA-B56D-9F361A6A87F7}.Release|Any CPU.Deploy.0 = Release|iPhone
		{480CC954-4C26-4CEA-B56D-9F361A6A87F7}.Release|iPhone.ActiveCfg = Release|iPhone
		{480CC954-4C26-4CEA-B56D-9F361A6A87F7}.Release|iPhone.Build.0 = Release|iPhone
		{480CC954-4C26-4CEA-B56D-9F361A6A87F7}.Release|iPhone.Deploy.0 = Release|iPhone
		{480CC954-4C26-4CEA-B56D-9F361A6A87F7}.Release|iPhoneSimulator.ActiveCfg = Release|iPhoneSimulator
		{480CC954-4C26-4CEA-B56D-9F361A6A87F7}.Release|iPhoneSimulator.Build.0 = Release|iPhoneSimulator
		{480CC954-4C26-4CEA-B56D-9F361A6A87F7}.Release|iPhoneSimulator.Deploy.0 = Release|iPhoneSimulator
		{0F467C5A-5D49-4A9B-AF6A-955D10CACA21}.Debug|Any CPU.ActiveCfg = Debug|Any CPU
		{0F467C5A-5D49-4A9B-AF6A-955D10CACA21}.Debug|Any CPU.Build.0 = Debug|Any CPU
		{0F467C5A-5D49-4A9B-AF6A-955D10CACA21}.Debug|Any CPU.Deploy.0 = Debug|Any CPU
		{0F467C5A-5D49-4A9B-AF6A-955D10CACA21}.Debug|iPhone.ActiveCfg = Debug|Any CPU
		{0F467C5A-5D49-4A9B-AF6A-955D10CACA21}.Debug|iPhone.Build.0 = Debug|Any CPU
		{0F467C5A-5D49-4A9B-AF6A-955D10CACA21}.Debug|iPhone.Deploy.0 = Debug|Any CPU
		{0F467C5A-5D49-4A9B-AF6A-955D10CACA21}.Debug|iPhoneSimulator.ActiveCfg = Debug|Any CPU
		{0F467C5A-5D49-4A9B-AF6A-955D10CACA21}.Debug|iPhoneSimulator.Build.0 = Debug|Any CPU
		{0F467C5A-5D49-4A9B-AF6A-955D10CACA21}.Debug|iPhoneSimulator.Deploy.0 = Debug|Any CPU
		{0F467C5A-5D49-4A9B-AF6A-955D10CACA21}.Release|Any CPU.ActiveCfg = Release|Any CPU
		{0F467C5A-5D49-4A9B-AF6A-955D10CACA21}.Release|Any CPU.Build.0 = Release|Any CPU
		{0F467C5A-5D49-4A9B-AF6A-955D10CACA21}.Release|Any CPU.Deploy.0 = Release|Any CPU
		{0F467C5A-5D49-4A9B-AF6A-955D10CACA21}.Release|iPhone.ActiveCfg = Release|Any CPU
		{0F467C5A-5D49-4A9B-AF6A-955D10CACA21}.Release|iPhone.Build.0 = Release|Any CPU
		{0F467C5A-5D49-4A9B-AF6A-955D10CACA21}.Release|iPhone.Deploy.0 = Release|Any CPU
		{0F467C5A-5D49-4A9B-AF6A-955D10CACA21}.Release|iPhoneSimulator.ActiveCfg = Release|Any CPU
		{0F467C5A-5D49-4A9B-AF6A-955D10CACA21}.Release|iPhoneSimulator.Build.0 = Release|Any CPU
		{0F467C5A-5D49-4A9B-AF6A-955D10CACA21}.Release|iPhoneSimulator.Deploy.0 = Release|Any CPU
	EndGlobalSection
	GlobalSection(SolutionProperties) = preSolution
		HideSolutionNode = FALSE
	EndGlobalSection
	GlobalSection(ExtensibilityGlobals) = postSolution
		SolutionGuid = {6BACDDAB-B4A6-478C-8EE1-6828F47F7CB3}
	EndGlobalSection
EndGlobal
